// !$*UTF8*$!
{
	archiveVersion = 1;
	classes = {
	};
	objectVersion = 46;
	objects = {

/* Begin PBXBuildFile section */
		21435CDA1E2F097000768B94 /* AppDelegate.swift in Sources */ = {isa = PBXBuildFile; fileRef = 21435CD91E2F097000768B94 /* AppDelegate.swift */; };
		21435CDC1E2F097000768B94 /* ViewController.swift in Sources */ = {isa = PBXBuildFile; fileRef = 21435CDB1E2F097000768B94 /* ViewController.swift */; };
		21435CDF1E2F097000768B94 /* Main.storyboard in Resources */ = {isa = PBXBuildFile; fileRef = 21435CDD1E2F097000768B94 /* Main.storyboard */; };
		21435CE21E2F097000768B94 /* CanIPark.xcdatamodeld in Sources */ = {isa = PBXBuildFile; fileRef = 21435CE01E2F097000768B94 /* CanIPark.xcdatamodeld */; };
		21435CE41E2F097000768B94 /* Assets.xcassets in Resources */ = {isa = PBXBuildFile; fileRef = 21435CE31E2F097000768B94 /* Assets.xcassets */; };
		21435CE71E2F097000768B94 /* LaunchScreen.storyboard in Resources */ = {isa = PBXBuildFile; fileRef = 21435CE51E2F097000768B94 /* LaunchScreen.storyboard */; };
		21435CEF1E31C85B00768B94 /* ParkingInfo.swift in Sources */ = {isa = PBXBuildFile; fileRef = 21435CEE1E31C85B00768B94 /* ParkingInfo.swift */; };
		21435CF11E31CA5A00768B94 /* ParkingLocationDetailsViewController.swift in Sources */ = {isa = PBXBuildFile; fileRef = 21435CF01E31CA5A00768B94 /* ParkingLocationDetailsViewController.swift */; };
		21435CF31E33EAAA00768B94 /* CustomInfoWindow.xib in Resources */ = {isa = PBXBuildFile; fileRef = 21435CF21E33EAAA00768B94 /* CustomInfoWindow.xib */; };
		21435CF51E33EBA000768B94 /* CustomInfoWindow.swift in Sources */ = {isa = PBXBuildFile; fileRef = 21435CF41E33EBA000768B94 /* CustomInfoWindow.swift */; };
		21435CF71E354DEC00768B94 /* parkingData.geojson in Resources */ = {isa = PBXBuildFile; fileRef = 21435CF61E354DEC00768B94 /* parkingData.geojson */; };
		21435CFA1E3553AF00768B94 /* ParkingInfoParser.swift in Sources */ = {isa = PBXBuildFile; fileRef = 21435CF91E3553AF00768B94 /* ParkingInfoParser.swift */; };
		21435CFC1E3599AB00768B94 /* JSONData.json in Resources */ = {isa = PBXBuildFile; fileRef = 21435CFB1E3599AB00768B94 /* JSONData.json */; };
		9070F769AB63B8B26B7F7890 /* libPods-CanIPark.a in Frameworks */ = {isa = PBXBuildFile; fileRef = 6DE712DB357D8C384EF1AB16 /* libPods-CanIPark.a */; };
/* End PBXBuildFile section */

/* Begin PBXFileReference section */
		21435CD61E2F097000768B94 /* CanIPark.app */ = {isa = PBXFileReference; explicitFileType = wrapper.application; includeInIndex = 0; path = CanIPark.app; sourceTree = BUILT_PRODUCTS_DIR; };
		21435CD91E2F097000768B94 /* AppDelegate.swift */ = {isa = PBXFileReference; lastKnownFileType = sourcecode.swift; path = AppDelegate.swift; sourceTree = "<group>"; };
		21435CDB1E2F097000768B94 /* ViewController.swift */ = {isa = PBXFileReference; lastKnownFileType = sourcecode.swift; path = ViewController.swift; sourceTree = "<group>"; };
		21435CDE1E2F097000768B94 /* Base */ = {isa = PBXFileReference; lastKnownFileType = file.storyboard; name = Base; path = Base.lproj/Main.storyboard; sourceTree = "<group>"; };
		21435CE11E2F097000768B94 /* CanIPark.xcdatamodel */ = {isa = PBXFileReference; lastKnownFileType = wrapper.xcdatamodel; path = CanIPark.xcdatamodel; sourceTree = "<group>"; };
		21435CE31E2F097000768B94 /* Assets.xcassets */ = {isa = PBXFileReference; lastKnownFileType = folder.assetcatalog; path = Assets.xcassets; sourceTree = "<group>"; };
		21435CE61E2F097000768B94 /* Base */ = {isa = PBXFileReference; lastKnownFileType = file.storyboard; name = Base; path = Base.lproj/LaunchScreen.storyboard; sourceTree = "<group>"; };
		21435CE81E2F097000768B94 /* Info.plist */ = {isa = PBXFileReference; lastKnownFileType = text.plist.xml; path = Info.plist; sourceTree = "<group>"; };
		21435CEE1E31C85B00768B94 /* ParkingInfo.swift */ = {isa = PBXFileReference; fileEncoding = 4; lastKnownFileType = sourcecode.swift; path = ParkingInfo.swift; sourceTree = "<group>"; };
		21435CF01E31CA5A00768B94 /* ParkingLocationDetailsViewController.swift */ = {isa = PBXFileReference; fileEncoding = 4; lastKnownFileType = sourcecode.swift; path = ParkingLocationDetailsViewController.swift; sourceTree = "<group>"; };
		21435CF21E33EAAA00768B94 /* CustomInfoWindow.xib */ = {isa = PBXFileReference; fileEncoding = 4; lastKnownFileType = file.xib; path = CustomInfoWindow.xib; sourceTree = "<group>"; };
		21435CF41E33EBA000768B94 /* CustomInfoWindow.swift */ = {isa = PBXFileReference; fileEncoding = 4; lastKnownFileType = sourcecode.swift; path = CustomInfoWindow.swift; sourceTree = "<group>"; };
		21435CF61E354DEC00768B94 /* parkingData.geojson */ = {isa = PBXFileReference; fileEncoding = 4; lastKnownFileType = text; path = parkingData.geojson; sourceTree = "<group>"; };
		21435CF91E3553AF00768B94 /* ParkingInfoParser.swift */ = {isa = PBXFileReference; fileEncoding = 4; lastKnownFileType = sourcecode.swift; path = ParkingInfoParser.swift; sourceTree = "<group>"; };
		21435CFB1E3599AB00768B94 /* JSONData.json */ = {isa = PBXFileReference; fileEncoding = 4; lastKnownFileType = text.json; path = JSONData.json; sourceTree = "<group>"; };
		46ABE304E6F6CC01D17DD82D /* Pods-CanIPark.release.xcconfig */ = {isa = PBXFileReference; includeInIndex = 1; lastKnownFileType = text.xcconfig; name = "Pods-CanIPark.release.xcconfig"; path = "Pods/Target Support Files/Pods-CanIPark/Pods-CanIPark.release.xcconfig"; sourceTree = "<group>"; };
		6DE712DB357D8C384EF1AB16 /* libPods-CanIPark.a */ = {isa = PBXFileReference; explicitFileType = archive.ar; includeInIndex = 0; path = "libPods-CanIPark.a"; sourceTree = BUILT_PRODUCTS_DIR; };
		F077DE67BE9A1435BA5BCDA0 /* Pods-CanIPark.debug.xcconfig */ = {isa = PBXFileReference; includeInIndex = 1; lastKnownFileType = text.xcconfig; name = "Pods-CanIPark.debug.xcconfig"; path = "Pods/Target Support Files/Pods-CanIPark/Pods-CanIPark.debug.xcconfig"; sourceTree = "<group>"; };
/* End PBXFileReference section */

/* Begin PBXFrameworksBuildPhase section */
		21435CD31E2F097000768B94 /* Frameworks */ = {
			isa = PBXFrameworksBuildPhase;
			buildActionMask = 2147483647;
			files = (
				9070F769AB63B8B26B7F7890 /* libPods-CanIPark.a in Frameworks */,
			);
			runOnlyForDeploymentPostprocessing = 0;
		};
/* End PBXFrameworksBuildPhase section */

/* Begin PBXGroup section */
		21435CCD1E2F097000768B94 = {
			isa = PBXGroup;
			children = (
				21435CD81E2F097000768B94 /* CanIPark */,
				21435CD71E2F097000768B94 /* Products */,
				39C750848547C8BA909FF676 /* Pods */,
				8E01D01B08EB2CDF44977F5C /* Frameworks */,
			);
			sourceTree = "<group>";
		};
		21435CD71E2F097000768B94 /* Products */ = {
			isa = PBXGroup;
			children = (
				21435CD61E2F097000768B94 /* CanIPark.app */,
			);
			name = Products;
			sourceTree = "<group>";
		};
		21435CD81E2F097000768B94 /* CanIPark */ = {
			isa = PBXGroup;
			children = (
				21435CF61E354DEC00768B94 /* parkingData.geojson */,
				21435CD91E2F097000768B94 /* AppDelegate.swift */,
				21435CE31E2F097000768B94 /* Assets.xcassets */,
				21435CFB1E3599AB00768B94 /* JSONData.json */,
				21435CE01E2F097000768B94 /* CanIPark.xcdatamodeld */,
				21435CF41E33EBA000768B94 /* CustomInfoWindow.swift */,
				21435CF21E33EAAA00768B94 /* CustomInfoWindow.xib */,
				21435CE81E2F097000768B94 /* Info.plist */,
				21435CE51E2F097000768B94 /* LaunchScreen.storyboard */,
				21435CDD1E2F097000768B94 /* Main.storyboard */,
				21435CF91E3553AF00768B94 /* ParkingInfoParser.swift */,
				21435CEE1E31C85B00768B94 /* ParkingInfo.swift */,
				21435CF01E31CA5A00768B94 /* ParkingLocationDetailsViewController.swift */,
				21435CDB1E2F097000768B94 /* ViewController.swift */,
			);
			path = CanIPark;
			sourceTree = "<group>";
		};
		39C750848547C8BA909FF676 /* Pods */ = {
			isa = PBXGroup;
			children = (
				F077DE67BE9A1435BA5BCDA0 /* Pods-CanIPark.debug.xcconfig */,
				46ABE304E6F6CC01D17DD82D /* Pods-CanIPark.release.xcconfig */,
			);
			name = Pods;
			sourceTree = "<group>";
		};
		8E01D01B08EB2CDF44977F5C /* Frameworks */ = {
			isa = PBXGroup;
			children = (
				6DE712DB357D8C384EF1AB16 /* libPods-CanIPark.a */,
			);
			name = Frameworks;
			sourceTree = "<group>";
		};
/* End PBXGroup section */

/* Begin PBXNativeTarget section */
		21435CD51E2F097000768B94 /* CanIPark */ = {
			isa = PBXNativeTarget;
			buildConfigurationList = 21435CEB1E2F097000768B94 /* Build configuration list for PBXNativeTarget "CanIPark" */;
			buildPhases = (
				F1BC3404B53EE8EC2C55203A /* [CP] Check Pods Manifest.lock */,
				21435CD21E2F097000768B94 /* Sources */,
				21435CD31E2F097000768B94 /* Frameworks */,
				21435CD41E2F097000768B94 /* Resources */,
				1C79D06CC82F75C512B77E84 /* [CP] Embed Pods Frameworks */,
				C5BE98BE9C1700C7E99011F4 /* [CP] Copy Pods Resources */,
			);
			buildRules = (
			);
			dependencies = (
			);
			name = CanIPark;
			productName = CanIPark;
			productReference = 21435CD61E2F097000768B94 /* CanIPark.app */;
			productType = "com.apple.product-type.application";
		};
/* End PBXNativeTarget section */

/* Begin PBXProject section */
		21435CCE1E2F097000768B94 /* Project object */ = {
			isa = PBXProject;
			attributes = {
				LastSwiftUpdateCheck = 0820;
				LastUpgradeCheck = 0820;
				ORGANIZATIONNAME = "David Wang";
				TargetAttributes = {
					21435CD51E2F097000768B94 = {
						CreatedOnToolsVersion = 8.2.1;
						DevelopmentTeam = 98YT4HPVK9;
						ProvisioningStyle = Automatic;
					};
				};
			};
			buildConfigurationList = 21435CD11E2F097000768B94 /* Build configuration list for PBXProject "CanIPark" */;
			compatibilityVersion = "Xcode 3.2";
			developmentRegion = English;
			hasScannedForEncodings = 0;
			knownRegions = (
				en,
				Base,
			);
			mainGroup = 21435CCD1E2F097000768B94;
			productRefGroup = 21435CD71E2F097000768B94 /* Products */;
			projectDirPath = "";
			projectRoot = "";
			targets = (
				21435CD51E2F097000768B94 /* CanIPark */,
			);
		};
/* End PBXProject section */

/* Begin PBXResourcesBuildPhase section */
		21435CD41E2F097000768B94 /* Resources */ = {
			isa = PBXResourcesBuildPhase;
			buildActionMask = 2147483647;
			files = (
				21435CF31E33EAAA00768B94 /* CustomInfoWindow.xib in Resources */,
				21435CFC1E3599AB00768B94 /* JSONData.json in Resources */,
				21435CE71E2F097000768B94 /* LaunchScreen.storyboard in Resources */,
				21435CE41E2F097000768B94 /* Assets.xcassets in Resources */,
				21435CDF1E2F097000768B94 /* Main.storyboard in Resources */,
				21435CF71E354DEC00768B94 /* parkingData.geojson in Resources */,
			);
			runOnlyForDeploymentPostprocessing = 0;
		};
/* End PBXResourcesBuildPhase section */

/* Begin PBXShellScriptBuildPhase section */
		1C79D06CC82F75C512B77E84 /* [CP] Embed Pods Frameworks */ = {
			isa = PBXShellScriptBuildPhase;
			buildActionMask = 2147483647;
			files = (
			);
			inputPaths = (
			);
			name = "[CP] Embed Pods Frameworks";
			outputPaths = (
			);
			runOnlyForDeploymentPostprocessing = 0;
			shellPath = /bin/sh;
			shellScript = "\"${SRCROOT}/Pods/Target Support Files/Pods-CanIPark/Pods-CanIPark-frameworks.sh\"\n";
			showEnvVarsInLog = 0;
		};
		C5BE98BE9C1700C7E99011F4 /* [CP] Copy Pods Resources */ = {
			isa = PBXShellScriptBuildPhase;
			buildActionMask = 2147483647;
			files = (
			);
			inputPaths = (
			);
			name = "[CP] Copy Pods Resources";
			outputPaths = (
			);
			runOnlyForDeploymentPostprocessing = 0;
			shellPath = /bin/sh;
			shellScript = "\"${SRCROOT}/Pods/Target Support Files/Pods-CanIPark/Pods-CanIPark-resources.sh\"\n";
			showEnvVarsInLog = 0;
		};
		F1BC3404B53EE8EC2C55203A /* [CP] Check Pods Manifest.lock */ = {
			isa = PBXShellScriptBuildPhase;
			buildActionMask = 2147483647;
			files = (
			);
			inputPaths = (
			);
			name = "[CP] Check Pods Manifest.lock";
			outputPaths = (
			);
			runOnlyForDeploymentPostprocessing = 0;
			shellPath = /bin/sh;
			shellScript = "diff \"${PODS_ROOT}/../Podfile.lock\" \"${PODS_ROOT}/Manifest.lock\" > /dev/null\nif [ $? != 0 ] ; then\n    # print error to STDERR\n    echo \"error: The sandbox is not in sync with the Podfile.lock. Run 'pod install' or update your CocoaPods installation.\" >&2\n    exit 1\nfi\n";
			showEnvVarsInLog = 0;
		};
/* End PBXShellScriptBuildPhase section */

/* Begin PBXSourcesBuildPhase section */
		21435CD21E2F097000768B94 /* Sources */ = {
			isa = PBXSourcesBuildPhase;
			buildActionMask = 2147483647;
			files = (
				21435CF11E31CA5A00768B94 /* ParkingLocationDetailsViewController.swift in Sources */,
				21435CEF1E31C85B00768B94 /* ParkingInfo.swift in Sources */,
				21435CDC1E2F097000768B94 /* ViewController.swift in Sources */,
				21435CDA1E2F097000768B94 /* AppDelegate.swift in Sources */,
				21435CFA1E3553AF00768B94 /* ParkingInfoParser.swift in Sources */,
				21435CF51E33EBA000768B94 /* CustomInfoWindow.swift in Sources */,
				21435CE21E2F097000768B94 /* CanIPark.xcdatamodeld in Sources */,
			);
			runOnlyForDeploymentPostprocessing = 0;
		};
/* End PBXSourcesBuildPhase section */

/* Begin PBXVariantGroup section */
		21435CDD1E2F097000768B94 /* Main.storyboard */ = {
			isa = PBXVariantGroup;
			children = (
				21435CDE1E2F097000768B94 /* Base */,
			);
			name = Main.storyboard;
			sourceTree = "<group>";
		};
		21435CE51E2F097000768B94 /* LaunchScreen.storyboard */ = {
			isa = PBXVariantGroup;
			children = (
				21435CE61E2F097000768B94 /* Base */,
			);
			name = LaunchScreen.storyboard;
			sourceTree = "<group>";
		};
/* End PBXVariantGroup section */

/* Begin XCBuildConfiguration section */
		21435CE91E2F097000768B94 /* Debug */ = {
			isa = XCBuildConfiguration;
			buildSettings = {
				ALWAYS_SEARCH_USER_PATHS = NO;
				CLANG_ANALYZER_NONNULL = YES;
				CLANG_CXX_LANGUAGE_STANDARD = "gnu++0x";
				CLANG_CXX_LIBRARY = "libc++";
				CLANG_ENABLE_MODULES = YES;
				CLANG_ENABLE_OBJC_ARC = YES;
				CLANG_WARN_BOOL_CONVERSION = YES;
				CLANG_WARN_CONSTANT_CONVERSION = YES;
				CLANG_WARN_DIRECT_OBJC_ISA_USAGE = YES_ERROR;
				CLANG_WARN_DOCUMENTATION_COMMENTS = YES;
				CLANG_WARN_EMPTY_BODY = YES;
				CLANG_WARN_ENUM_CONVERSION = YES;
				CLANG_WARN_INFINITE_RECURSION = YES;
				CLANG_WARN_INT_CONVERSION = YES;
				CLANG_WARN_OBJC_ROOT_CLASS = YES_ERROR;
				CLANG_WARN_SUSPICIOUS_MOVE = YES;
				CLANG_WARN_UNREACHABLE_CODE = YES;
				CLANG_WARN__DUPLICATE_METHOD_MATCH = YES;
				"CODE_SIGN_IDENTITY[sdk=iphoneos*]" = "iPhone Developer";
				COPY_PHASE_STRIP = NO;
				DEBUG_INFORMATION_FORMAT = dwarf;
				ENABLE_STRICT_OBJC_MSGSEND = YES;
				ENABLE_TESTABILITY = YES;
				GCC_C_LANGUAGE_STANDARD = gnu99;
				GCC_DYNAMIC_NO_PIC = NO;
				GCC_NO_COMMON_BLOCKS = YES;
				GCC_OPTIMIZATION_LEVEL = 0;
				GCC_PREPROCESSOR_DEFINITIONS = (
					"DEBUG=1",
					"$(inherited)",
				);
				GCC_WARN_64_TO_32_BIT_CONVERSION = YES;
				GCC_WARN_ABOUT_RETURN_TYPE = YES_ERROR;
				GCC_WARN_UNDECLARED_SELECTOR = YES;
				GCC_WARN_UNINITIALIZED_AUTOS = YES_AGGRESSIVE;
				GCC_WARN_UNUSED_FUNCTION = YES;
				GCC_WARN_UNUSED_VARIABLE = YES;
				IPHONEOS_DEPLOYMENT_TARGET = 10.2;
				MTL_ENABLE_DEBUG_INFO = YES;
				ONLY_ACTIVE_ARCH = YES;
				SDKROOT = iphoneos;
				SWIFT_ACTIVE_COMPILATION_CONDITIONS = DEBUG;
				SWIFT_OPTIMIZATION_LEVEL = "-Onone";
			};
			name = Debug;
		};
		21435CEA1E2F097000768B94 /* Release */ = {
			isa = XCBuildConfiguration;
			buildSettings = {
				ALWAYS_SEARCH_USER_PATHS = NO;
				CLANG_ANALYZER_NONNULL = YES;
				CLANG_CXX_LANGUAGE_STANDARD = "gnu++0x";
				CLANG_CXX_LIBRARY = "libc++";
				CLANG_ENABLE_MODULES = YES;
				CLANG_ENABLE_OBJC_ARC = YES;
				CLANG_WARN_BOOL_CONVERSION = YES;
				CLANG_WARN_CONSTANT_CONVERSION = YES;
				CLANG_WARN_DIRECT_OBJC_ISA_USAGE = YES_ERROR;
				CLANG_WARN_DOCUMENTATION_COMMENTS = YES;
				CLANG_WARN_EMPTY_BODY = YES;
				CLANG_WARN_ENUM_CONVERSION = YES;
				CLANG_WARN_INFINITE_RECURSION = YES;
				CLANG_WARN_INT_CONVERSION = YES;
				CLANG_WARN_OBJC_ROOT_CLASS = YES_ERROR;
				CLANG_WARN_SUSPICIOUS_MOVE = YES;
				CLANG_WARN_UNREACHABLE_CODE = YES;
				CLANG_WARN__DUPLICATE_METHOD_MATCH = YES;
				"CODE_SIGN_IDENTITY[sdk=iphoneos*]" = "iPhone Developer";
				COPY_PHASE_STRIP = NO;
				DEBUG_INFORMATION_FORMAT = "dwarf-with-dsym";
				ENABLE_NS_ASSERTIONS = NO;
				ENABLE_STRICT_OBJC_MSGSEND = YES;
				GCC_C_LANGUAGE_STANDARD = gnu99;
				GCC_NO_COMMON_BLOCKS = YES;
				GCC_WARN_64_TO_32_BIT_CONVERSION = YES;
				GCC_WARN_ABOUT_RETURN_TYPE = YES_ERROR;
				GCC_WARN_UNDECLARED_SELECTOR = YES;
				GCC_WARN_UNINITIALIZED_AUTOS = YES_AGGRESSIVE;
				GCC_WARN_UNUSED_FUNCTION = YES;
				GCC_WARN_UNUSED_VARIABLE = YES;
				IPHONEOS_DEPLOYMENT_TARGET = 10.2;
				MTL_ENABLE_DEBUG_INFO = NO;
				SDKROOT = iphoneos;
				SWIFT_OPTIMIZATION_LEVEL = "-Owholemodule";
				VALIDATE_PRODUCT = YES;
			};
			name = Release;
		};
		21435CEC1E2F097000768B94 /* Debug */ = {
			isa = XCBuildConfiguration;
			baseConfigurationReference = F077DE67BE9A1435BA5BCDA0 /* Pods-CanIPark.debug.xcconfig */;
			buildSettings = {
				ASSETCATALOG_COMPILER_APPICON_NAME = AppIcon;
				DEVELOPMENT_TEAM = 98YT4HPVK9;
				INFOPLIST_FILE = CanIPark/Info.plist;
				IPHONEOS_DEPLOYMENT_TARGET = 10.0;
				LD_RUNPATH_SEARCH_PATHS = "$(inherited) @executable_path/Frameworks";
				PRODUCT_BUNDLE_IDENTIFIER = com.DavidWang.CanIPark;
				PRODUCT_NAME = "$(TARGET_NAME)";
				SWIFT_VERSION = 3.0;
			};
			name = Debug;
		};
		21435CED1E2F097000768B94 /* Release */ = {
			isa = XCBuildConfiguration;
			baseConfigurationReference = 46ABE304E6F6CC01D17DD82D /* Pods-CanIPark.release.xcconfig */;
			buildSettings = {
				ASSETCATALOG_COMPILER_APPICON_NAME = AppIcon;
				DEVELOPMENT_TEAM = 98YT4HPVK9;
				INFOPLIST_FILE = CanIPark/Info.plist;
				IPHONEOS_DEPLOYMENT_TARGET = 10.0;
				LD_RUNPATH_SEARCH_PATHS = "$(inherited) @executable_path/Frameworks";
				PRODUCT_BUNDLE_IDENTIFIER = com.DavidWang.CanIPark;
				PRODUCT_NAME = "$(TARGET_NAME)";
				SWIFT_VERSION = 3.0;
			};
			name = Release;
		};
/* End XCBuildConfiguration section */

/* Begin XCConfigurationList section */
		21435CD11E2F097000768B94 /* Build configuration list for PBXProject "CanIPark" */ = {
			isa = XCConfigurationList;
			buildConfigurations = (
				21435CE91E2F097000768B94 /* Debug */,
				21435CEA1E2F097000768B94 /* Release */,
			);
			defaultConfigurationIsVisible = 0;
			defaultConfigurationName = Release;
		};
		21435CEB1E2F097000768B94 /* Build configuration list for PBXNativeTarget "CanIPark" */ = {
			isa = XCConfigurationList;
			buildConfigurations = (
				21435CEC1E2F097000768B94 /* Debug */,
				21435CED1E2F097000768B94 /* Release */,
			);
			defaultConfigurationIsVisible = 0;
			defaultConfigurationName = Release;
		};
/* End XCConfigurationList section */

/* Begin XCVersionGroup section */
		21435CE01E2F097000768B94 /* CanIPark.xcdatamodeld */ = {
			isa = XCVersionGroup;
			children = (
				21435CE11E2F097000768B94 /* CanIPark.xcdatamodel */,
			);
			currentVersion = 21435CE11E2F097000768B94 /* CanIPark.xcdatamodel */;
			path = CanIPark.xcdatamodeld;
			sourceTree = "<group>";
			versionGroupType = wrapper.xcdatamodel;
		};
/* End XCVersionGroup section */
	};
	rootObject = 21435CCE1E2F097000768B94 /* Project object */;
}
